{
  "version": "3",
  "packages": {
    "specifiers": {
      "jsr:@hono/hono@^4.5.2": "jsr:@hono/hono@4.5.2",
      "jsr:@ptm/mm-mark@^0.2.8": "jsr:@ptm/mm-mark@0.2.8",
      "jsr:@std/collections@^1.0.4": "jsr:@std/collections@1.0.5",
      "jsr:@std/front-matter@^1.0.0": "jsr:@std/front-matter@1.0.0",
      "jsr:@std/toml@^1.0.0": "jsr:@std/toml@1.0.0",
      "jsr:@std/yaml@^1.0.0": "jsr:@std/yaml@1.0.0",
      "npm:js-yaml@^4.1.0": "npm:js-yaml@4.1.0",
      "npm:showdown-admonitionblock@^1.0.2": "npm:showdown-admonitionblock@1.0.2",
      "npm:showdown-mathjax@^1.0.4": "npm:showdown-mathjax@1.0.4",
      "npm:showdown-prism@^1.0.7": "npm:showdown-prism@1.0.7",
      "npm:showdown@^2.1.0": "npm:showdown@2.1.0"
    },
    "jsr": {
      "@hono/hono@4.5.2": {
        "integrity": "d299fac259b4f62397a4aa1df2ef57d9f2c13d6a04daa860aeba27f3c5a353f5"
      },
      "@ptm/mm-mark@0.2.8": {
        "integrity": "c99dc1bab9e77b1e3353212441f9514c18bab8b3b9a46e155349d7e345f173bc",
        "dependencies": [
          "npm:js-yaml@^4.1.0",
          "npm:showdown-admonitionblock@^1.0.2",
          "npm:showdown-mathjax@^1.0.4",
          "npm:showdown-prism@^1.0.7",
          "npm:showdown@^2.1.0"
        ]
      },
      "@std/collections@1.0.5": {
        "integrity": "ab9eac23b57a0c0b89ba45134e61561f69f3d001f37235a248ed40be260c0c10"
      },
      "@std/front-matter@1.0.0": {
        "integrity": "8616ac9fec252fa36d2af034c3fc166f642b7a721995eb61a33002a6fd176e2c",
        "dependencies": [
          "jsr:@std/toml@^1.0.0",
          "jsr:@std/yaml@^1.0.0"
        ]
      },
      "@std/toml@1.0.0": {
        "integrity": "c9e37564eedd84084871c66238e00196ec67aa958e09a7f761b3f36273a7a8a5",
        "dependencies": [
          "jsr:@std/collections@^1.0.4"
        ]
      },
      "@std/yaml@1.0.0": {
        "integrity": "06635c312121ee779e9eef4e9f49c1a26003b15da9ed1178037ccb91dc3a5129"
      }
    },
    "npm": {
      "@types/showdown@2.0.6": {
        "integrity": "sha512-pTvD/0CIeqe4x23+YJWlX2gArHa8G0J0Oh6GKaVXV7TAeickpkkZiNOgFcFcmLQ5lB/K0qBJL1FtRYltBfbGCQ==",
        "dependencies": {}
      },
      "argparse@2.0.1": {
        "integrity": "sha512-8+9WqebbFzpX9OR+Wa6O29asIogeRMzcGtAINdpMHHyAg10f05aSFVBbcEqGf/PXw1EjAZ+q2/bEBg3DvurK3Q==",
        "dependencies": {}
      },
      "commander@9.5.0": {
        "integrity": "sha512-KRs7WVDKg86PWiuAqhDrAQnTXZKraVcCc6vFdL14qrZ/DcWwuRo7VoiYXalXO7S5GKpqYiVEwCbgFDfxNHKJBQ==",
        "dependencies": {}
      },
      "js-yaml@4.1.0": {
        "integrity": "sha512-wpxZs9NoxZaJESJGIZTyDEaYpl0FKSA+FB9aJiyemKhMwkxQg63h4T1KJgUGHpTqPDNRcmmYLugrRjJlBtWvRA==",
        "dependencies": {
          "argparse": "argparse@2.0.1"
        }
      },
      "prismjs@1.29.0": {
        "integrity": "sha512-Kx/1w86q/epKcmte75LNrEoT+lX8pBpavuAbvJWRXar7Hz8jrtF+e3vY751p0R8H9HdArwaCTNDDzHg/ScJK1Q==",
        "dependencies": {}
      },
      "showdown-admonitionblock@1.0.2": {
        "integrity": "sha512-8tV7K1m2y277Yh548ap9VZpgqeZZX7WT+HodIyHyJj+XListntgqJqEPHeQuYcfKEThmPZTUXBp4KQRZgGZmPQ==",
        "dependencies": {
          "@types/showdown": "@types/showdown@2.0.6",
          "showdown": "showdown@2.1.0"
        }
      },
      "showdown-mathjax@1.0.4": {
        "integrity": "sha512-ysoutK/Yfybrp1hMU7nmdRQxshBGsGyOk9Ig91kvNxW6GiTUiUwbehupBQTMaWLC3qOKR1VZCmFYPtKqcHfUCA==",
        "dependencies": {
          "showdown": "showdown@2.1.0"
        }
      },
      "showdown-prism@1.0.7": {
        "integrity": "sha512-vdZZsXWJaF1wkIBQAgQdo/6nMZ03NFQdH1XyPWFT4OFDSLEQvkgLrnBSr23kQseIuxpCFThPYUlrHlwdEiO29Q==",
        "dependencies": {
          "prismjs": "prismjs@1.29.0"
        }
      },
      "showdown@2.1.0": {
        "integrity": "sha512-/6NVYu4U819R2pUIk79n67SYgJHWCce0a5xTP979WbNp0FL9MN1I1QK662IDU1b6JzKTvmhgI7T7JYIxBi3kMQ==",
        "dependencies": {
          "commander": "commander@9.5.0"
        }
      }
    }
  },
  "remote": {},
  "workspace": {
    "dependencies": [
      "jsr:@hono/hono@^4.5.2",
      "jsr:@std/front-matter@^1.0.0",
      "jsr:@std/yaml@^1.0.0"
    ]
  }
}
