{
  "version": "3",
  "packages": {
    "specifiers": {
      "jsr:@hono/hono@^4.4.7": "jsr:@hono/hono@4.5.2",
      "jsr:@hono/hono@^4.5.2": "jsr:@hono/hono@4.5.2",
      "jsr:@ptm/hono-image@^0.1.1": "jsr:@ptm/hono-image@0.1.1",
      "jsr:@ptm/mm-mark@^0.2.8": "jsr:@ptm/mm-mark@0.2.8",
      "jsr:@std/assert@^0.226.0": "jsr:@std/assert@0.226.0",
      "jsr:@std/collections@^1.0.4": "jsr:@std/collections@1.0.5",
      "jsr:@std/encoding@^0.224.3": "jsr:@std/encoding@0.224.3",
      "jsr:@std/front-matter@^1.0.0": "jsr:@std/front-matter@1.0.0",
      "jsr:@std/path@^0.225.2": "jsr:@std/path@0.225.2",
      "jsr:@std/path@^1.0.2": "jsr:@std/path@1.0.2",
      "jsr:@std/toml@^1.0.0": "jsr:@std/toml@1.0.0",
      "jsr:@std/yaml@^1.0.0": "jsr:@std/yaml@1.0.0",
      "npm:@imagemagick/magick-wasm@0.0.29": "npm:@imagemagick/magick-wasm@0.0.29",
      "npm:@types/node": "npm:@types/node@18.16.19",
      "npm:bagancss@^0.0.11": "npm:bagancss@0.0.11",
      "npm:glob": "npm:glob@11.0.0",
      "npm:js-yaml@^4.1.0": "npm:js-yaml@4.1.0",
      "npm:showdown-admonitionblock@^1.0.2": "npm:showdown-admonitionblock@1.0.2",
      "npm:showdown-mathjax@^1.0.4": "npm:showdown-mathjax@1.0.4",
      "npm:showdown-prism@^1.0.7": "npm:showdown-prism@1.0.7",
      "npm:showdown@^2.1.0": "npm:showdown@2.1.0"
    },
    "jsr": {
      "@hono/hono@4.5.2": {
        "integrity": "d299fac259b4f62397a4aa1df2ef57d9f2c13d6a04daa860aeba27f3c5a353f5"
      },
      "@ptm/hono-image@0.1.1": {
        "integrity": "8708ab6bb85b8ff26d90725f3a202ea81245a2ac4a79844c878b48569ff618b1",
        "dependencies": [
          "jsr:@hono/hono@^4.4.7",
          "jsr:@std/encoding@^0.224.3",
          "jsr:@std/path@^0.225.2",
          "npm:@imagemagick/magick-wasm@0.0.29"
        ]
      },
      "@ptm/mm-mark@0.2.8": {
        "integrity": "c99dc1bab9e77b1e3353212441f9514c18bab8b3b9a46e155349d7e345f173bc",
        "dependencies": [
          "npm:js-yaml@^4.1.0",
          "npm:showdown-admonitionblock@^1.0.2",
          "npm:showdown-mathjax@^1.0.4",
          "npm:showdown-prism@^1.0.7",
          "npm:showdown@^2.1.0"
        ]
      },
      "@std/assert@0.226.0": {
        "integrity": "0dfb5f7c7723c18cec118e080fec76ce15b4c31154b15ad2bd74822603ef75b3"
      },
      "@std/collections@1.0.5": {
        "integrity": "ab9eac23b57a0c0b89ba45134e61561f69f3d001f37235a248ed40be260c0c10"
      },
      "@std/encoding@0.224.3": {
        "integrity": "5e861b6d81be5359fad4155e591acf17c0207b595112d1840998bb9f476dbdaf"
      },
      "@std/front-matter@1.0.0": {
        "integrity": "8616ac9fec252fa36d2af034c3fc166f642b7a721995eb61a33002a6fd176e2c",
        "dependencies": [
          "jsr:@std/toml@^1.0.0",
          "jsr:@std/yaml@^1.0.0"
        ]
      },
      "@std/path@0.225.2": {
        "integrity": "0f2db41d36b50ef048dcb0399aac720a5348638dd3cb5bf80685bf2a745aa506",
        "dependencies": [
          "jsr:@std/assert@^0.226.0"
        ]
      },
      "@std/path@1.0.2": {
        "integrity": "a452174603f8c620bd278a380c596437a9eef50c891c64b85812f735245d9ec7"
      },
      "@std/toml@1.0.0": {
        "integrity": "c9e37564eedd84084871c66238e00196ec67aa958e09a7f761b3f36273a7a8a5",
        "dependencies": [
          "jsr:@std/collections@^1.0.4"
        ]
      },
      "@std/yaml@1.0.0": {
        "integrity": "06635c312121ee779e9eef4e9f49c1a26003b15da9ed1178037ccb91dc3a5129"
      }
    },
    "npm": {
      "@deno/shim-deno-test@0.5.0": {
        "integrity": "sha512-4nMhecpGlPi0cSzT67L+Tm+GOJqvuk8gqHBziqcUQOarnuIax1z96/gJHCSIz2Z0zhxE6Rzwb3IZXPtFh51j+w==",
        "dependencies": {}
      },
      "@deno/shim-deno@0.19.2": {
        "integrity": "sha512-q3VTHl44ad8T2Tw2SpeAvghdGOjlnLPDNO2cpOxwMrBE/PVas6geWpbpIgrM+czOCH0yejp0yi8OaTuB+NU40Q==",
        "dependencies": {
          "@deno/shim-deno-test": "@deno/shim-deno-test@0.5.0",
          "which": "which@4.0.0"
        }
      },
      "@imagemagick/magick-wasm@0.0.29": {
        "integrity": "sha512-kK8X0hfQIxfiOqSkDym+Nh542ACeJqM0yWQnWn77SM8CNST4lTeHmVCBNvDTRzpxKoDCcfoZQYRh9CasZLD6Iw==",
        "dependencies": {}
      },
      "@isaacs/cliui@8.0.2": {
        "integrity": "sha512-O8jcjabXaleOG9DQ0+ARXWZBTfnP4WNAqzuiJK7ll44AmxGKv/J2M4TPjxjY3znBCfvBXFzucm1twdyFybFqEA==",
        "dependencies": {
          "string-width": "string-width@5.1.2",
          "string-width-cjs": "string-width@4.2.3",
          "strip-ansi": "strip-ansi@7.1.0",
          "strip-ansi-cjs": "strip-ansi@6.0.1",
          "wrap-ansi": "wrap-ansi@8.1.0",
          "wrap-ansi-cjs": "wrap-ansi@7.0.0"
        }
      },
      "@pkgjs/parseargs@0.11.0": {
        "integrity": "sha512-+1VkjdD0QBLPodGrJUeqarH8VAIvQODIbwh9XpP5Syisf7YoQgsJKPNFoqqLQlu+VQ/tVSshMR6loPMn8U+dPg==",
        "dependencies": {}
      },
      "@types/node@18.16.19": {
        "integrity": "sha512-IXl7o+R9iti9eBW4Wg2hx1xQDig183jj7YLn8F7udNceyfkbn1ZxmzZXuak20gR40D7pIkIY1kYGx5VIGbaHKA==",
        "dependencies": {}
      },
      "@types/showdown@2.0.6": {
        "integrity": "sha512-pTvD/0CIeqe4x23+YJWlX2gArHa8G0J0Oh6GKaVXV7TAeickpkkZiNOgFcFcmLQ5lB/K0qBJL1FtRYltBfbGCQ==",
        "dependencies": {}
      },
      "ansi-regex@5.0.1": {
        "integrity": "sha512-quJQXlTSUGL2LH9SUXo8VwsY4soanhgo6LNSm84E1LBcE8s3O0wpdiRzyR9z/ZZJMlMWv37qOOb9pdJlMUEKFQ==",
        "dependencies": {}
      },
      "ansi-regex@6.0.1": {
        "integrity": "sha512-n5M855fKb2SsfMIiFFoVrABHJC8QtHwVx+mHWP3QcEqBHYienj5dHSgjbxtC0WEZXYt4wcD6zrQElDPhFuZgfA==",
        "dependencies": {}
      },
      "ansi-styles@4.3.0": {
        "integrity": "sha512-zbB9rCJAT1rbjiVDb2hqKFHNYLxgtk8NURxZ3IZwD3F6NtxbXZQCnnSi1Lkx+IDohdPlFp222wVALIheZJQSEg==",
        "dependencies": {
          "color-convert": "color-convert@2.0.1"
        }
      },
      "ansi-styles@6.2.1": {
        "integrity": "sha512-bN798gFfQX+viw3R7yrGWRqnrN2oRkEkUjjl4JNn4E8GxxbjtG3FbrEIIY3l8/hrwUwIeCZvi4QuOTP4MErVug==",
        "dependencies": {}
      },
      "argparse@2.0.1": {
        "integrity": "sha512-8+9WqebbFzpX9OR+Wa6O29asIogeRMzcGtAINdpMHHyAg10f05aSFVBbcEqGf/PXw1EjAZ+q2/bEBg3DvurK3Q==",
        "dependencies": {}
      },
      "bagancss@0.0.11": {
        "integrity": "sha512-lP8oJBEppFo3l3ka6LWk2B5/DpQN0Tw8G5rKPpn8EcXl7KR8NrUL7Vai9GhpBJmd4k+dmMK8VXvzRRHTM3OcWg==",
        "dependencies": {
          "browserslist": "browserslist@4.23.2",
          "dax-sh": "dax-sh@0.41.0",
          "glob": "glob@11.0.0",
          "lightningcss": "lightningcss@1.25.1",
          "typescript": "typescript@5.5.4"
        }
      },
      "balanced-match@1.0.2": {
        "integrity": "sha512-3oSeUO0TMV67hN1AmbXsK4yaqU7tjiHlbxRDZOpH0KW9+CeX4bRAaX0Anxt0tx2MrpRpWwQaPwIlISEJhYU5Pw==",
        "dependencies": {}
      },
      "brace-expansion@2.0.1": {
        "integrity": "sha512-XnAIvQ8eM+kC6aULx6wuQiwVsnzsi9d3WxzV3FpWTGA19F621kwdbsAcFKXgKUHZWsy+mY6iL1sHTxWEFCytDA==",
        "dependencies": {
          "balanced-match": "balanced-match@1.0.2"
        }
      },
      "browserslist@4.23.2": {
        "integrity": "sha512-qkqSyistMYdxAcw+CzbZwlBy8AGmS/eEWs+sEV5TnLRGDOL+C5M2EnH6tlZyg0YoAxGJAFKh61En9BR941GnHA==",
        "dependencies": {
          "caniuse-lite": "caniuse-lite@1.0.30001643",
          "electron-to-chromium": "electron-to-chromium@1.5.2",
          "node-releases": "node-releases@2.0.18",
          "update-browserslist-db": "update-browserslist-db@1.1.0_browserslist@4.23.2"
        }
      },
      "caniuse-lite@1.0.30001643": {
        "integrity": "sha512-ERgWGNleEilSrHM6iUz/zJNSQTP8Mr21wDWpdgvRwcTXGAq6jMtOUPP4dqFPTdKqZ2wKTdtB+uucZ3MRpAUSmg==",
        "dependencies": {}
      },
      "color-convert@2.0.1": {
        "integrity": "sha512-RRECPsj7iu/xb5oKYcsFHSppFNnsj/52OVTRKb4zP5onXwVF3zVmmToNcOfGC+CRDpfK/U584fMg38ZHCaElKQ==",
        "dependencies": {
          "color-name": "color-name@1.1.4"
        }
      },
      "color-name@1.1.4": {
        "integrity": "sha512-dOy+3AuW3a2wNbZHIuMZpTcgjGuLU/uBL/ubcZF9OXbDo8ff4O8yVp5Bf0efS8uEoYo5q4Fx7dY9OgQGXgAsQA==",
        "dependencies": {}
      },
      "commander@9.5.0": {
        "integrity": "sha512-KRs7WVDKg86PWiuAqhDrAQnTXZKraVcCc6vFdL14qrZ/DcWwuRo7VoiYXalXO7S5GKpqYiVEwCbgFDfxNHKJBQ==",
        "dependencies": {}
      },
      "cross-spawn@7.0.3": {
        "integrity": "sha512-iRDPJKUPVEND7dHPO8rkbOnPpyDygcDFtWjpeWNCgy8WP2rXcxXL8TskReQl6OrB2G7+UJrags1q15Fudc7G6w==",
        "dependencies": {
          "path-key": "path-key@3.1.1",
          "shebang-command": "shebang-command@2.0.0",
          "which": "which@2.0.2"
        }
      },
      "dax-sh@0.41.0": {
        "integrity": "sha512-qHiw1GFj23+/vgkxS9Jnz6Hbm7aLEiaGsATUc2igg5qZZgtzAs8xP4N3hHMVUmS7gJDQ1ErHZYkFDvBJweL6lA==",
        "dependencies": {
          "@deno/shim-deno": "@deno/shim-deno@0.19.2",
          "undici-types": "undici-types@5.26.5"
        }
      },
      "detect-libc@1.0.3": {
        "integrity": "sha512-pGjwhsmsp4kL2RTz08wcOlGN83otlqHeD/Z5T8GXZB+/YcpQ/dgo+lbU8ZsGxV0HIvqqxo9l7mqYwyYMD9bKDg==",
        "dependencies": {}
      },
      "eastasianwidth@0.2.0": {
        "integrity": "sha512-I88TYZWc9XiYHRQ4/3c5rjjfgkjhLyW2luGIheGERbNQ6OY7yTybanSpDXZa8y7VUP9YmDcYa+eyq4ca7iLqWA==",
        "dependencies": {}
      },
      "electron-to-chromium@1.5.2": {
        "integrity": "sha512-kc4r3U3V3WLaaZqThjYz/Y6z8tJe+7K0bbjUVo3i+LWIypVdMx5nXCkwRe6SWbY6ILqLdc1rKcKmr3HoH7wjSQ==",
        "dependencies": {}
      },
      "emoji-regex@8.0.0": {
        "integrity": "sha512-MSjYzcWNOA0ewAHpz0MxpYFvwg6yjy1NG3xteoqz644VCo/RPgnr1/GGt+ic3iJTzQ8Eu3TdM14SawnVUmGE6A==",
        "dependencies": {}
      },
      "emoji-regex@9.2.2": {
        "integrity": "sha512-L18DaJsXSUk2+42pv8mLs5jJT2hqFkFE4j21wOmgbUqsZ2hL72NsUU785g9RXgo3s0ZNgVl42TiHp3ZtOv/Vyg==",
        "dependencies": {}
      },
      "escalade@3.1.2": {
        "integrity": "sha512-ErCHMCae19vR8vQGe50xIsVomy19rg6gFu3+r3jkEO46suLMWBksvVyoGgQV+jOfl84ZSOSlmv6Gxa89PmTGmA==",
        "dependencies": {}
      },
      "foreground-child@3.2.1": {
        "integrity": "sha512-PXUUyLqrR2XCWICfv6ukppP96sdFwWbNEnfEMt7jNsISjMsvaLNinAHNDYyvkyU+SZG2BTSbT5NjG+vZslfGTA==",
        "dependencies": {
          "cross-spawn": "cross-spawn@7.0.3",
          "signal-exit": "signal-exit@4.1.0"
        }
      },
      "glob@11.0.0": {
        "integrity": "sha512-9UiX/Bl6J2yaBbxKoEBRm4Cipxgok8kQYcOPEhScPwebu2I0HoQOuYdIO6S3hLuWoZgpDpwQZMzTFxgpkyT76g==",
        "dependencies": {
          "foreground-child": "foreground-child@3.2.1",
          "jackspeak": "jackspeak@4.0.1",
          "minimatch": "minimatch@10.0.1",
          "minipass": "minipass@7.1.2",
          "package-json-from-dist": "package-json-from-dist@1.0.0",
          "path-scurry": "path-scurry@2.0.0"
        }
      },
      "is-fullwidth-code-point@3.0.0": {
        "integrity": "sha512-zymm5+u+sCsSWyD9qNaejV3DFvhCKclKdizYaJUuHA83RLjb7nSuGnddCHGv0hk+KY7BMAlsWeK4Ueg6EV6XQg==",
        "dependencies": {}
      },
      "isexe@2.0.0": {
        "integrity": "sha512-RHxMLp9lnKHGHRng9QFhRCMbYAcVpn69smSGcq3f36xjgVVWThj4qqLbTLlq7Ssj8B+fIQ1EuCEGI2lKsyQeIw==",
        "dependencies": {}
      },
      "isexe@3.1.1": {
        "integrity": "sha512-LpB/54B+/2J5hqQ7imZHfdU31OlgQqx7ZicVlkm9kzg9/w8GKLEcFfJl/t7DCEDueOyBAD6zCCwTO6Fzs0NoEQ==",
        "dependencies": {}
      },
      "jackspeak@4.0.1": {
        "integrity": "sha512-cub8rahkh0Q/bw1+GxP7aeSe29hHHn2V4m29nnDlvCdlgU+3UGxkZp7Z53jLUdpX3jdTO0nJZUDl3xvbWc2Xog==",
        "dependencies": {
          "@isaacs/cliui": "@isaacs/cliui@8.0.2",
          "@pkgjs/parseargs": "@pkgjs/parseargs@0.11.0"
        }
      },
      "js-yaml@4.1.0": {
        "integrity": "sha512-wpxZs9NoxZaJESJGIZTyDEaYpl0FKSA+FB9aJiyemKhMwkxQg63h4T1KJgUGHpTqPDNRcmmYLugrRjJlBtWvRA==",
        "dependencies": {
          "argparse": "argparse@2.0.1"
        }
      },
      "lightningcss-darwin-arm64@1.25.1": {
        "integrity": "sha512-G4Dcvv85bs5NLENcu/s1f7ehzE3D5ThnlWSDwE190tWXRQCQaqwcuHe+MGSVI/slm0XrxnaayXY+cNl3cSricw==",
        "dependencies": {}
      },
      "lightningcss-darwin-x64@1.25.1": {
        "integrity": "sha512-dYWuCzzfqRueDSmto6YU5SoGHvZTMU1Em9xvhcdROpmtOQLorurUZz8+xFxZ51lCO2LnYbfdjZ/gCqWEkwixNg==",
        "dependencies": {}
      },
      "lightningcss-freebsd-x64@1.25.1": {
        "integrity": "sha512-hXoy2s9A3KVNAIoKz+Fp6bNeY+h9c3tkcx1J3+pS48CqAt+5bI/R/YY4hxGL57fWAIquRjGKW50arltD6iRt/w==",
        "dependencies": {}
      },
      "lightningcss-linux-arm-gnueabihf@1.25.1": {
        "integrity": "sha512-tWyMgHFlHlp1e5iW3EpqvH5MvsgoN7ZkylBbG2R2LWxnvH3FuWCJOhtGcYx9Ks0Kv0eZOBud789odkYLhyf1ng==",
        "dependencies": {}
      },
      "lightningcss-linux-arm64-gnu@1.25.1": {
        "integrity": "sha512-Xjxsx286OT9/XSnVLIsFEDyDipqe4BcLeB4pXQ/FEA5+2uWCCuAEarUNQumRucnj7k6ftkAHUEph5r821KBccQ==",
        "dependencies": {}
      },
      "lightningcss-linux-arm64-musl@1.25.1": {
        "integrity": "sha512-IhxVFJoTW8wq6yLvxdPvyHv4NjzcpN1B7gjxrY3uaykQNXPHNIpChLB52+wfH+yS58zm1PL4LemUp8u9Cfp6Bw==",
        "dependencies": {}
      },
      "lightningcss-linux-x64-gnu@1.25.1": {
        "integrity": "sha512-RXIaru79KrREPEd6WLXfKfIp4QzoppZvD3x7vuTKkDA64PwTzKJ2jaC43RZHRt8BmyIkRRlmywNhTRMbmkPYpA==",
        "dependencies": {}
      },
      "lightningcss-linux-x64-musl@1.25.1": {
        "integrity": "sha512-TdcNqFsAENEEFr8fJWg0Y4fZ/nwuqTRsIr7W7t2wmDUlA8eSXVepeeONYcb+gtTj1RaXn/WgNLB45SFkz+XBZA==",
        "dependencies": {}
      },
      "lightningcss-win32-x64-msvc@1.25.1": {
        "integrity": "sha512-9KZZkmmy9oGDSrnyHuxP6iMhbsgChUiu/NSgOx+U1I/wTngBStDf2i2aGRCHvFqj19HqqBEI4WuGVQBa2V6e0A==",
        "dependencies": {}
      },
      "lightningcss@1.25.1": {
        "integrity": "sha512-V0RMVZzK1+rCHpymRv4URK2lNhIRyO8g7U7zOFwVAhJuat74HtkjIQpQRKNCwFEYkRGpafOpmXXLoaoBcyVtBg==",
        "dependencies": {
          "detect-libc": "detect-libc@1.0.3",
          "lightningcss-darwin-arm64": "lightningcss-darwin-arm64@1.25.1",
          "lightningcss-darwin-x64": "lightningcss-darwin-x64@1.25.1",
          "lightningcss-freebsd-x64": "lightningcss-freebsd-x64@1.25.1",
          "lightningcss-linux-arm-gnueabihf": "lightningcss-linux-arm-gnueabihf@1.25.1",
          "lightningcss-linux-arm64-gnu": "lightningcss-linux-arm64-gnu@1.25.1",
          "lightningcss-linux-arm64-musl": "lightningcss-linux-arm64-musl@1.25.1",
          "lightningcss-linux-x64-gnu": "lightningcss-linux-x64-gnu@1.25.1",
          "lightningcss-linux-x64-musl": "lightningcss-linux-x64-musl@1.25.1",
          "lightningcss-win32-x64-msvc": "lightningcss-win32-x64-msvc@1.25.1"
        }
      },
      "lru-cache@11.0.0": {
        "integrity": "sha512-Qv32eSV1RSCfhY3fpPE2GNZ8jgM9X7rdAfemLWqTUxwiyIC4jJ6Sy0fZ8H+oLWevO6i4/bizg7c8d8i6bxrzbA==",
        "dependencies": {}
      },
      "minimatch@10.0.1": {
        "integrity": "sha512-ethXTt3SGGR+95gudmqJ1eNhRO7eGEGIgYA9vnPatK4/etz2MEVDno5GMCibdMTuBMyElzIlgxMna3K94XDIDQ==",
        "dependencies": {
          "brace-expansion": "brace-expansion@2.0.1"
        }
      },
      "minipass@7.1.2": {
        "integrity": "sha512-qOOzS1cBTWYF4BH8fVePDBOO9iptMnGUEZwNc/cMWnTV2nVLZ7VoNWEPHkYczZA0pdoA7dl6e7FL659nX9S2aw==",
        "dependencies": {}
      },
      "node-releases@2.0.18": {
        "integrity": "sha512-d9VeXT4SJ7ZeOqGX6R5EM022wpL+eWPooLI+5UpWn2jCT1aosUQEhQP214x33Wkwx3JQMvIm+tIoVOdodFS40g==",
        "dependencies": {}
      },
      "package-json-from-dist@1.0.0": {
        "integrity": "sha512-dATvCeZN/8wQsGywez1mzHtTlP22H8OEfPrVMLNr4/eGa+ijtLn/6M5f0dY8UKNrC2O9UCU6SSoG3qRKnt7STw==",
        "dependencies": {}
      },
      "path-key@3.1.1": {
        "integrity": "sha512-ojmeN0qd+y0jszEtoY48r0Peq5dwMEkIlCOu6Q5f41lfkswXuKtYrhgoTpLnyIcHm24Uhqx+5Tqm2InSwLhE6Q==",
        "dependencies": {}
      },
      "path-scurry@2.0.0": {
        "integrity": "sha512-ypGJsmGtdXUOeM5u93TyeIEfEhM6s+ljAhrk5vAvSx8uyY/02OvrZnA0YNGUrPXfpJMgI1ODd3nwz8Npx4O4cg==",
        "dependencies": {
          "lru-cache": "lru-cache@11.0.0",
          "minipass": "minipass@7.1.2"
        }
      },
      "picocolors@1.0.1": {
        "integrity": "sha512-anP1Z8qwhkbmu7MFP5iTt+wQKXgwzf7zTyGlcdzabySa9vd0Xt392U0rVmz9poOaBj0uHJKyyo9/upk0HrEQew==",
        "dependencies": {}
      },
      "prismjs@1.29.0": {
        "integrity": "sha512-Kx/1w86q/epKcmte75LNrEoT+lX8pBpavuAbvJWRXar7Hz8jrtF+e3vY751p0R8H9HdArwaCTNDDzHg/ScJK1Q==",
        "dependencies": {}
      },
      "shebang-command@2.0.0": {
        "integrity": "sha512-kHxr2zZpYtdmrN1qDjrrX/Z1rR1kG8Dx+gkpK1G4eXmvXswmcE1hTWBWYUzlraYw1/yZp6YuDY77YtvbN0dmDA==",
        "dependencies": {
          "shebang-regex": "shebang-regex@3.0.0"
        }
      },
      "shebang-regex@3.0.0": {
        "integrity": "sha512-7++dFhtcx3353uBaq8DDR4NuxBetBzC7ZQOhmTQInHEd6bSrXdiEyzCvG07Z44UYdLShWUyXt5M/yhz8ekcb1A==",
        "dependencies": {}
      },
      "showdown-admonitionblock@1.0.2": {
        "integrity": "sha512-8tV7K1m2y277Yh548ap9VZpgqeZZX7WT+HodIyHyJj+XListntgqJqEPHeQuYcfKEThmPZTUXBp4KQRZgGZmPQ==",
        "dependencies": {
          "@types/showdown": "@types/showdown@2.0.6",
          "showdown": "showdown@2.1.0"
        }
      },
      "showdown-mathjax@1.0.4": {
        "integrity": "sha512-ysoutK/Yfybrp1hMU7nmdRQxshBGsGyOk9Ig91kvNxW6GiTUiUwbehupBQTMaWLC3qOKR1VZCmFYPtKqcHfUCA==",
        "dependencies": {
          "showdown": "showdown@2.1.0"
        }
      },
      "showdown-prism@1.0.7": {
        "integrity": "sha512-vdZZsXWJaF1wkIBQAgQdo/6nMZ03NFQdH1XyPWFT4OFDSLEQvkgLrnBSr23kQseIuxpCFThPYUlrHlwdEiO29Q==",
        "dependencies": {
          "prismjs": "prismjs@1.29.0"
        }
      },
      "showdown@2.1.0": {
        "integrity": "sha512-/6NVYu4U819R2pUIk79n67SYgJHWCce0a5xTP979WbNp0FL9MN1I1QK662IDU1b6JzKTvmhgI7T7JYIxBi3kMQ==",
        "dependencies": {
          "commander": "commander@9.5.0"
        }
      },
      "signal-exit@4.1.0": {
        "integrity": "sha512-bzyZ1e88w9O1iNJbKnOlvYTrWPDl46O1bG0D3XInv+9tkPrxrN8jUUTiFlDkkmKWgn1M6CfIA13SuGqOa9Korw==",
        "dependencies": {}
      },
      "string-width@4.2.3": {
        "integrity": "sha512-wKyQRQpjJ0sIp62ErSZdGsjMJWsap5oRNihHhu6G7JVO/9jIB6UyevL+tXuOqrng8j/cxKTWyWUwvSTriiZz/g==",
        "dependencies": {
          "emoji-regex": "emoji-regex@8.0.0",
          "is-fullwidth-code-point": "is-fullwidth-code-point@3.0.0",
          "strip-ansi": "strip-ansi@6.0.1"
        }
      },
      "string-width@5.1.2": {
        "integrity": "sha512-HnLOCR3vjcY8beoNLtcjZ5/nxn2afmME6lhrDrebokqMap+XbeW8n9TXpPDOqdGK5qcI3oT0GKTW6wC7EMiVqA==",
        "dependencies": {
          "eastasianwidth": "eastasianwidth@0.2.0",
          "emoji-regex": "emoji-regex@9.2.2",
          "strip-ansi": "strip-ansi@7.1.0"
        }
      },
      "strip-ansi@6.0.1": {
        "integrity": "sha512-Y38VPSHcqkFrCpFnQ9vuSXmquuv5oXOKpGeT6aGrr3o3Gc9AlVa6JBfUSOCnbxGGZF+/0ooI7KrPuUSztUdU5A==",
        "dependencies": {
          "ansi-regex": "ansi-regex@5.0.1"
        }
      },
      "strip-ansi@7.1.0": {
        "integrity": "sha512-iq6eVVI64nQQTRYq2KtEg2d2uU7LElhTJwsH4YzIHZshxlgZms/wIc4VoDQTlG/IvVIrBKG06CrZnp0qv7hkcQ==",
        "dependencies": {
          "ansi-regex": "ansi-regex@6.0.1"
        }
      },
      "typescript@5.5.4": {
        "integrity": "sha512-Mtq29sKDAEYP7aljRgtPOpTvOfbwRWlS6dPRzwjdE+C0R4brX/GUyhHSecbHMFLNBLcJIPt9nl9yG5TZ1weH+Q==",
        "dependencies": {}
      },
      "undici-types@5.26.5": {
        "integrity": "sha512-JlCMO+ehdEIKqlFxk6IfVoAUVmgz7cU7zD/h9XZ0qzeosSHmUJVOzSQvvYSYWXkFXC+IfLKSIffhv0sVZup6pA==",
        "dependencies": {}
      },
      "update-browserslist-db@1.1.0_browserslist@4.23.2": {
        "integrity": "sha512-EdRAaAyk2cUE1wOf2DkEhzxqOQvFOoRJFNS6NeyJ01Gp2beMRpBAINjM2iDXE3KCuKhwnvHIQCJm6ThL2Z+HzQ==",
        "dependencies": {
          "browserslist": "browserslist@4.23.2",
          "escalade": "escalade@3.1.2",
          "picocolors": "picocolors@1.0.1"
        }
      },
      "which@2.0.2": {
        "integrity": "sha512-BLI3Tl1TW3Pvl70l3yq3Y64i+awpwXqsGBYWkkqMtnbXgrMD+yj7rhW0kuEDxzJaYXGjEW5ogapKNMEKNMjibA==",
        "dependencies": {
          "isexe": "isexe@2.0.0"
        }
      },
      "which@4.0.0": {
        "integrity": "sha512-GlaYyEb07DPxYCKhKzplCWBJtvxZcZMrL+4UkrTSJHHPyZU4mYYTv3qaOe77H7EODLSSopAUFAc6W8U4yqvscg==",
        "dependencies": {
          "isexe": "isexe@3.1.1"
        }
      },
      "wrap-ansi@7.0.0": {
        "integrity": "sha512-YVGIj2kamLSTxw6NsZjoBxfSwsn0ycdesmc4p+Q21c5zPuZ1pl+NfxVdxPtdHvmNVOQ6XSYG4AUtyt/Fi7D16Q==",
        "dependencies": {
          "ansi-styles": "ansi-styles@4.3.0",
          "string-width": "string-width@4.2.3",
          "strip-ansi": "strip-ansi@6.0.1"
        }
      },
      "wrap-ansi@8.1.0": {
        "integrity": "sha512-si7QWI6zUMq56bESFvagtmzMdGOtoxfR+Sez11Mobfc7tm+VkUckk9bW2UeffTGVUbOksxmSw0AA2gs8g71NCQ==",
        "dependencies": {
          "ansi-styles": "ansi-styles@6.2.1",
          "string-width": "string-width@5.1.2",
          "strip-ansi": "strip-ansi@7.1.0"
        }
      }
    }
  },
  "remote": {},
  "workspace": {
    "dependencies": [
      "jsr:@hono/hono@^4.5.2",
      "jsr:@ptm/hono-image@^0.1.1",
      "jsr:@ptm/mm-mark@^0.2.8",
      "jsr:@std/front-matter@^1.0.0",
      "jsr:@std/path@^1.0.2",
      "jsr:@std/yaml@^1.0.0",
      "npm:bagancss@^0.0.11",
      "npm:glob"
    ]
  }
}
